github.com/aquilax/truncate v1.0.0 h1:UgIGS8U/aZ4JyOJ2h3xcF5cSQ06+gGBnjxH2RUHJe0U=
github.com/davecgh/go-spew v1.1.1 h1:vj9j/u1bqnvCEfJOwUhtlOARqs3+rkHYY13jYWTU97c=
github.com/pmezard/go-difflib v1.0.0 h1:4DBwDE0NGyQoBHbLQYPwSUPoCMWR5BEzIk/f1lZbAQM=
github.com/senzing/g2-sdk-go v0.4.0 h1:IMbuI/UjnWYflaQyIJjJjMoB6Rm+tL2QD/ku8FLP7bg=
github.com/senzing/g2-sdk-go v0.4.0/go.mod h1:tz+pX1kT4S5ooDb0DwO8gkSAYZcpPn/jFB0oZfssd84=
github.com/senzing/g2-sdk-go-base v0.1.0 h1:isFU8PeBIQeRN+AiffoJbCbMcl0tZMLu2P8fGovCHoE=
github.com/senzing/g2-sdk-go-base v0.1.0/go.mod h1:emwq/AFm07ZpIuiwx801EejAFVt2nuEwDWBT+MPa9QE=
github.com/senzing/go-common v0.1.1 h1:JRKS3ZfChXa1XjesBIHYxTeISwcu0ksFMULaVQfZ+LA=
github.com/senzing/go-common v0.1.1/go.mod h1:hjYQNbBxwbnGYOFRUyFBEt6hx9X0ypffwAzqE1Olndc=
github.com/senzing/go-logging v1.1.3 h1:eTWuEgI+4bwyS0gSpYKNbz8gL8ATAqByA3q1sbRJCu4=
github.com/senzing/go-logging v1.1.3/go.mod h1:FarStyY/kYd7+ymtawOXvOk48j/6fHRZ8unSwpi4FzI=
github.com/senzing/go-observing v0.1.1 h1:nTvzLS+LOEcW+YWXvGeGn5Zayhg6h3SVCC37xF4vHEg=
github.com/senzing/go-observing v0.1.1/go.mod h1:S7ejdiEwbWj7sVsheJR9G4cTfSqr2goenR/6tyQt5OI=
github.com/stretchr/testify v1.8.1 h1:w7B6lhMri9wdJUVmEZPGGhZzrYTPvgJArz7wNPgYKsk=
gopkg.in/yaml.v3 v3.0.1 h1:fxVm/GzAzEWqLHuvctI91KS9hhNmmWOoWu0XTYJS7CA=
